// !$*UTF8*$!
{
	archiveVersion = 1;
	classes = {
	};
	objectVersion = 60;
	objects = {

/* Begin PBXBuildFile section */
		48AE11A2D08EB0CC11194D21 /* Foundation.framework in Frameworks */ = {isa = PBXBuildFile; fileRef = 45768679F42FBF4093465050 /* Foundation.framework */; };
		5DFE11E8CCAF8BF06429E08A /* ShackCQHardwareUITests.swift in Sources */ = {isa = PBXBuildFile; fileRef = CB568903A8CBD7D417CF32B7 /* ShackCQHardwareUITests.swift */; };
		A10000000000000000000001 /* ShackCQApp.swift in Sources */ = {isa = PBXBuildFile; fileRef = A20000000000000000000001 /* ShackCQApp.swift */; };
		A10000000000000000000002 /* RadioModel.swift in Sources */ = {isa = PBXBuildFile; fileRef = A20000000000000000000002 /* RadioModel.swift */; };
		A10000000000000000000003 /* QSOStore.swift in Sources */ = {isa = PBXBuildFile; fileRef = A20000000000000000000003 /* QSOStore.swift */; };
		A10000000000000000000004 /* ContentView.swift in Sources */ = {isa = PBXBuildFile; fileRef = A20000000000000000000004 /* ContentView.swift */; };
		A10000000000000000000006 /* core.cpp in Sources */ = {isa = PBXBuildFile; fileRef = A20000000000000000000006 /* core.cpp */; };
		A10000000000000000000007 /* libsqlite3.tbd in Frameworks */ = {isa = PBXBuildFile; fileRef = A20000000000000000000007 /* libsqlite3.tbd */; };
		A10000000000000000000008 /* SerialTransport.swift in Sources */ = {isa = PBXBuildFile; fileRef = A20000000000000000000009 /* SerialTransport.swift */; };
		A10000000000000000000009 /* CP210xDriver.cpp in Sources */ = {isa = PBXBuildFile; fileRef = A2000000000000000000000B /* CP210xDriver.cpp */; };
		A1000000000000000000000A /* CP210xDriver.iig in Sources */ = {isa = PBXBuildFile; fileRef = A2000000000000000000000C /* CP210xDriver.iig */; };
		A10000000000000000000016 /* KXUSBUserClient.cpp in Sources */ = {isa = PBXBuildFile; fileRef = A2000000000000000000001A /* KXUSBUserClient.cpp */; };
		A10000000000000000000017 /* KXUSBUserClient.iig in Sources */ = {isa = PBXBuildFile; fileRef = A2000000000000000000001B /* KXUSBUserClient.iig */; };
		A1000000000000000000000B /* DriverKit.framework in Frameworks */ = {isa = PBXBuildFile; fileRef = A2000000000000000000000F /* DriverKit.framework */; };
		A1000000000000000000000C /* USBDriverKit.framework in Frameworks */ = {isa = PBXBuildFile; fileRef = A20000000000000000000010 /* USBDriverKit.framework */; };
		A1000000000000000000000F /* CP210xDriver.dext in Embed System Extensions */ = {isa = PBXBuildFile; fileRef = A20000000000000000000013 /* CP210xDriver.dext */; settings = {ATTRIBUTES = (CodeSignOnCopy, ); }; };
		A10000000000000000000010 /* FeatureModel.swift in Sources */ = {isa = PBXBuildFile; fileRef = A20000000000000000000014 /* FeatureModel.swift */; };
		A10000000000000000000011 /* WavelogSync.swift in Sources */ = {isa = PBXBuildFile; fileRef = A20000000000000000000015 /* WavelogSync.swift */; };
		A10000000000000000000012 /* CallbookService.swift in Sources */ = {isa = PBXBuildFile; fileRef = A20000000000000000000016 /* CallbookService.swift */; };
		G10000000000000000000001 /* GroupsIoFeature.swift in Sources */ = {isa = PBXBuildFile; fileRef = G20000000000000000000001 /* GroupsIoFeature.swift */; };
		A10000000000000000000018 /* WavelogNativeV2.swift in Sources */ = {isa = PBXBuildFile; fileRef = A2000000000000000000001C /* WavelogNativeV2.swift */; };
		A10000000000000000000019 /* FastEntry.swift in Sources */ = {isa = PBXBuildFile; fileRef = A2000000000000000000001D /* FastEntry.swift */; };
		A1000000000000000000001A /* FastEntryView.swift in Sources */ = {isa = PBXBuildFile; fileRef = A2000000000000000000001E /* FastEntryView.swift */; };
		R10000000000000000000001 /* RemoteStationClient.swift in Sources */ = {isa = PBXBuildFile; fileRef = R20000000000000000000001 /* RemoteStationClient.swift */; };
		A10000000000000000000013 /* Settings.bundle in Resources */ = {isa = PBXBuildFile; fileRef = A20000000000000000000017 /* Settings.bundle */; };
		A10000000000000000000014 /* IOKit.framework in Frameworks */ = {isa = PBXBuildFile; fileRef = A20000000000000000000018 /* IOKit.framework */; };
		A10000000000000000000015 /* KXUSBDriverClient.mm in Sources */ = {isa = PBXBuildFile; fileRef = A20000000000000000000019 /* KXUSBDriverClient.mm */; };
		D10000000000000000000001 /* Assets.xcassets in Resources */ = {isa = PBXBuildFile; fileRef = D20000000000000000000001 /* Assets.xcassets */; };
		B10000000000000000000001 /* features.cpp in Sources */ = {isa = PBXBuildFile; fileRef = B20000000000000000000001 /* features.cpp */; };
		B10000000000000000000002 /* adif.cpp in Sources */ = {isa = PBXBuildFile; fileRef = B20000000000000000000002 /* adif.cpp */; };
		B10000000000000000000003 /* cat_parser.cpp in Sources */ = {isa = PBXBuildFile; fileRef = B20000000000000000000003 /* cat_parser.cpp */; };
		B10000000000000000000004 /* cty.cpp in Sources */ = {isa = PBXBuildFile; fileRef = B20000000000000000000004 /* cty.cpp */; };
		B10000000000000000000005 /* dx_analysis.cpp in Sources */ = {isa = PBXBuildFile; fileRef = B20000000000000000000005 /* dx_analysis.cpp */; };
		B10000000000000000000006 /* operator_intel.cpp in Sources */ = {isa = PBXBuildFile; fileRef = B20000000000000000000006 /* operator_intel.cpp */; };
		B10000000000000000000007 /* panadapter_dsp.cpp in Sources */ = {isa = PBXBuildFile; fileRef = B20000000000000000000007 /* panadapter_dsp.cpp */; };
		B10000000000000000000008 /* protocol.cpp in Sources */ = {isa = PBXBuildFile; fileRef = B20000000000000000000008 /* protocol.cpp */; };
		B10000000000000000000009 /* spot.cpp in Sources */ = {isa = PBXBuildFile; fileRef = B20000000000000000000009 /* spot.cpp */; };
		B1000000000000000000000A /* sync_queue.cpp in Sources */ = {isa = PBXBuildFile; fileRef = B2000000000000000000000A /* sync_queue.cpp */; };
		B1000000000000000000000B /* wsjtx_protocol.cpp in Sources */ = {isa = PBXBuildFile; fileRef = B2000000000000000000000B /* wsjtx_protocol.cpp */; };
/* End PBXBuildFile section */

/* Begin PBXContainerItemProxy section */
		199466383D0CC32877353530 /* PBXContainerItemProxy */ = {
			isa = PBXContainerItemProxy;
			containerPortal = A60000000000000000000001 /* Project object */;
			proxyType = 1;
			remoteGlobalIDString = A50000000000000000000001;
			remoteInfo = ShackCQ;
		};
		A90000000000000000000001 /* PBXContainerItemProxy */ = {
			isa = PBXContainerItemProxy;
			containerPortal = A60000000000000000000001 /* Project object */;
			proxyType = 1;
			remoteGlobalIDString = A50000000000000000000002;
			remoteInfo = CP210xDriver;
		};
/* End PBXContainerItemProxy section */

/* Begin PBXCopyFilesBuildPhase section */
		A40000000000000000000007 /* Embed System Extensions */ = {
			isa = PBXCopyFilesBuildPhase;
			buildActionMask = 2147483647;
			dstPath = SystemExtensions;
			dstSubfolderSpec = 1;
			files = (
				A1000000000000000000000F /* CP210xDriver.dext in Embed System Extensions */,
			);
			name = "Embed System Extensions";
			runOnlyForDeploymentPostprocessing = 0;
		};
/* End PBXCopyFilesBuildPhase section */

/* Begin PBXFileReference section */
		45768679F42FBF4093465050 /* Foundation.framework */ = {isa = PBXFileReference; lastKnownFileType = wrapper.framework; name = Foundation.framework; path = Platforms/iPhoneOS.platform/Developer/SDKs/iPhoneOS18.0.sdk/System/Library/Frameworks/Foundation.framework; sourceTree = DEVELOPER_DIR; };
		A20000000000000000000001 /* ShackCQApp.swift */ = {isa = PBXFileReference; lastKnownFileType = sourcecode.swift; path = ShackCQApp.swift; sourceTree = "<group>"; };
		A20000000000000000000002 /* RadioModel.swift */ = {isa = PBXFileReference; lastKnownFileType = sourcecode.swift; path = RadioModel.swift; sourceTree = "<group>"; };
		A20000000000000000000003 /* QSOStore.swift */ = {isa = PBXFileReference; lastKnownFileType = sourcecode.swift; path = QSOStore.swift; sourceTree = "<group>"; };
		A20000000000000000000004 /* ContentView.swift */ = {isa = PBXFileReference; lastKnownFileType = sourcecode.swift; path = ContentView.swift; sourceTree = "<group>"; };
		A20000000000000000000005 /* ShackCQ-Bridging-Header.h */ = {isa = PBXFileReference; lastKnownFileType = sourcecode.c.h; path = "ShackCQ-Bridging-Header.h"; sourceTree = "<group>"; };
		A20000000000000000000006 /* core.cpp */ = {isa = PBXFileReference; lastKnownFileType = sourcecode.cpp.cpp; name = core.cpp; path = ../core/src/core.cpp; sourceTree = SOURCE_ROOT; };
		A20000000000000000000007 /* libsqlite3.tbd */ = {isa = PBXFileReference; lastKnownFileType = archive.ar; name = libsqlite3.tbd; path = usr/lib/libsqlite3.tbd; sourceTree = SDKROOT; };
		A20000000000000000000008 /* ShackCQ.app */ = {isa = PBXFileReference; explicitFileType = wrapper.application; includeInIndex = 0; path = ShackCQ.app; sourceTree = BUILT_PRODUCTS_DIR; };
		A20000000000000000000009 /* SerialTransport.swift */ = {isa = PBXFileReference; lastKnownFileType = sourcecode.swift; path = SerialTransport.swift; sourceTree = "<group>"; };
		A2000000000000000000000A /* ShackCQ.entitlements */ = {isa = PBXFileReference; lastKnownFileType = text.plist.entitlements; path = ShackCQ.entitlements; sourceTree = "<group>"; };
		A2000000000000000000000B /* CP210xDriver.cpp */ = {isa = PBXFileReference; lastKnownFileType = sourcecode.cpp.cpp; path = CP210xDriver.cpp; sourceTree = "<group>"; };
		A2000000000000000000000C /* CP210xDriver.iig */ = {isa = PBXFileReference; lastKnownFileType = sourcecode.iig; path = CP210xDriver.iig; sourceTree = "<group>"; };
		A2000000000000000000001A /* KXUSBUserClient.cpp */ = {isa = PBXFileReference; lastKnownFileType = sourcecode.cpp.cpp; path = KXUSBUserClient.cpp; sourceTree = "<group>"; };
		A2000000000000000000001B /* KXUSBUserClient.iig */ = {isa = PBXFileReference; lastKnownFileType = sourcecode.iig; path = KXUSBUserClient.iig; sourceTree = "<group>"; };
		A2000000000000000000000D /* CP210xDriver.entitlements */ = {isa = PBXFileReference; lastKnownFileType = text.plist.entitlements; path = CP210xDriver.entitlements; sourceTree = "<group>"; };
		A2000000000000000000000E /* Info.plist */ = {isa = PBXFileReference; lastKnownFileType = text.plist.xml; path = Info.plist; sourceTree = "<group>"; };
		A2000000000000000000000F /* DriverKit.framework */ = {isa = PBXFileReference; lastKnownFileType = wrapper.framework; name = DriverKit.framework; path = System/DriverKit/System/Library/Frameworks/DriverKit.framework; sourceTree = SDKROOT; };
		A20000000000000000000010 /* USBDriverKit.framework */ = {isa = PBXFileReference; lastKnownFileType = wrapper.framework; name = USBDriverKit.framework; path = System/DriverKit/System/Library/Frameworks/USBDriverKit.framework; sourceTree = SDKROOT; };
		A20000000000000000000013 /* CP210xDriver.dext */ = {isa = PBXFileReference; explicitFileType = "wrapper.driver-extension"; includeInIndex = 0; path = CP210xDriver.dext; sourceTree = BUILT_PRODUCTS_DIR; };
		A20000000000000000000014 /* FeatureModel.swift */ = {isa = PBXFileReference; lastKnownFileType = sourcecode.swift; path = FeatureModel.swift; sourceTree = "<group>"; };
		A20000000000000000000015 /* WavelogSync.swift */ = {isa = PBXFileReference; lastKnownFileType = sourcecode.swift; path = WavelogSync.swift; sourceTree = "<group>"; };
		A20000000000000000000016 /* CallbookService.swift */ = {isa = PBXFileReference; lastKnownFileType = sourcecode.swift; path = CallbookService.swift; sourceTree = "<group>"; };
		G20000000000000000000001 /* GroupsIoFeature.swift */ = {isa = PBXFileReference; lastKnownFileType = sourcecode.swift; path = GroupsIoFeature.swift; sourceTree = "<group>"; };
		A2000000000000000000001C /* WavelogNativeV2.swift */ = {isa = PBXFileReference; lastKnownFileType = sourcecode.swift; path = WavelogNativeV2.swift; sourceTree = "<group>"; };
		A2000000000000000000001D /* FastEntry.swift */ = {isa = PBXFileReference; lastKnownFileType = sourcecode.swift; path = FastEntry.swift; sourceTree = "<group>"; };
		A2000000000000000000001E /* FastEntryView.swift */ = {isa = PBXFileReference; lastKnownFileType = sourcecode.swift; path = FastEntryView.swift; sourceTree = "<group>"; };
		R20000000000000000000001 /* RemoteStationClient.swift */ = {isa = PBXFileReference; lastKnownFileType = sourcecode.swift; path = RemoteStationClient.swift; sourceTree = "<group>"; };
		A20000000000000000000017 /* Settings.bundle */ = {isa = PBXFileReference; lastKnownFileType = "wrapper.plug-in"; path = Settings.bundle; sourceTree = "<group>"; };
		A20000000000000000000018 /* IOKit.framework */ = {isa = PBXFileReference; lastKnownFileType = wrapper.framework; name = IOKit.framework; path = System/Library/Frameworks/IOKit.framework; sourceTree = SDKROOT; };
		A20000000000000000000019 /* KXUSBDriverClient.mm */ = {isa = PBXFileReference; lastKnownFileType = sourcecode.cpp.objcpp; path = KXUSBDriverClient.mm; sourceTree = "<group>"; };
		D20000000000000000000001 /* Assets.xcassets */ = {isa = PBXFileReference; lastKnownFileType = folder.assetcatalog; path = Assets.xcassets; sourceTree = "<group>"; };
		B20000000000000000000001 /* features.cpp */ = {isa = PBXFileReference; lastKnownFileType = sourcecode.cpp.cpp; name = features.cpp; path = ../core/src/features.cpp; sourceTree = SOURCE_ROOT; };
		B20000000000000000000002 /* adif.cpp */ = {isa = PBXFileReference; lastKnownFileType = sourcecode.cpp.cpp; name = adif.cpp; path = ../core/portable/src/adif.cpp; sourceTree = SOURCE_ROOT; };
		B20000000000000000000003 /* cat_parser.cpp */ = {isa = PBXFileReference; lastKnownFileType = sourcecode.cpp.cpp; name = cat_parser.cpp; path = ../core/portable/src/cat_parser.cpp; sourceTree = SOURCE_ROOT; };
		B20000000000000000000004 /* cty.cpp */ = {isa = PBXFileReference; lastKnownFileType = sourcecode.cpp.cpp; name = cty.cpp; path = ../core/portable/src/cty.cpp; sourceTree = SOURCE_ROOT; };
		B20000000000000000000005 /* dx_analysis.cpp */ = {isa = PBXFileReference; lastKnownFileType = sourcecode.cpp.cpp; name = dx_analysis.cpp; path = ../core/portable/src/dx_analysis.cpp; sourceTree = SOURCE_ROOT; };
		B20000000000000000000006 /* operator_intel.cpp */ = {isa = PBXFileReference; lastKnownFileType = sourcecode.cpp.cpp; name = operator_intel.cpp; path = ../core/portable/src/operator_intel.cpp; sourceTree = SOURCE_ROOT; };
		B20000000000000000000007 /* panadapter_dsp.cpp */ = {isa = PBXFileReference; lastKnownFileType = sourcecode.cpp.cpp; name = panadapter_dsp.cpp; path = ../core/portable/src/panadapter_dsp.cpp; sourceTree = SOURCE_ROOT; };
		B20000000000000000000008 /* protocol.cpp */ = {isa = PBXFileReference; lastKnownFileType = sourcecode.cpp.cpp; name = protocol.cpp; path = ../core/portable/src/protocol.cpp; sourceTree = SOURCE_ROOT; };
		B20000000000000000000009 /* spot.cpp */ = {isa = PBXFileReference; lastKnownFileType = sourcecode.cpp.cpp; name = spot.cpp; path = ../core/portable/src/spot.cpp; sourceTree = SOURCE_ROOT; };
		B2000000000000000000000A /* sync_queue.cpp */ = {isa = PBXFileReference; lastKnownFileType = sourcecode.cpp.cpp; name = sync_queue.cpp; path = ../core/portable/src/sync_queue.cpp; sourceTree = SOURCE_ROOT; };
		B2000000000000000000000B /* wsjtx_protocol.cpp */ = {isa = PBXFileReference; lastKnownFileType = sourcecode.cpp.cpp; name = wsjtx_protocol.cpp; path = ../core/portable/src/wsjtx_protocol.cpp; sourceTree = SOURCE_ROOT; };
		CB568903A8CBD7D417CF32B7 /* ShackCQHardwareUITests.swift */ = {isa = PBXFileReference; includeInIndex = 1; lastKnownFileType = sourcecode.swift; path = ShackCQHardwareUITests.swift; sourceTree = "<group>"; };
		D36A9B2BE849B4434F809E20 /* ShackCQUITests.xctest */ = {isa = PBXFileReference; explicitFileType = wrapper.cfbundle; includeInIndex = 0; path = ShackCQUITests.xctest; sourceTree = BUILT_PRODUCTS_DIR; };
/* End PBXFileReference section */

/* Begin PBXFrameworksBuildPhase section */
		92D769615605170484547D55 /* Frameworks */ = {
			isa = PBXFrameworksBuildPhase;
			buildActionMask = 2147483647;
			files = (
				48AE11A2D08EB0CC11194D21 /* Foundation.framework in Frameworks */,
			);
			runOnlyForDeploymentPostprocessing = 0;
		};
		A40000000000000000000002 /* Frameworks */ = {
			isa = PBXFrameworksBuildPhase;
			buildActionMask = 2147483647;
			files = (
				A10000000000000000000007 /* libsqlite3.tbd in Frameworks */,
				A10000000000000000000014 /* IOKit.framework in Frameworks */,
			);
			runOnlyForDeploymentPostprocessing = 0;
		};
		A40000000000000000000005 /* Frameworks */ = {
			isa = PBXFrameworksBuildPhase;
			buildActionMask = 2147483647;
			files = (
				A1000000000000000000000B /* DriverKit.framework in Frameworks */,
				A1000000000000000000000C /* USBDriverKit.framework in Frameworks */,
			);
			runOnlyForDeploymentPostprocessing = 0;
		};
/* End PBXFrameworksBuildPhase section */

/* Begin PBXGroup section */
		A30000000000000000000001 = {
			isa = PBXGroup;
			children = (
				A30000000000000000000002 /* ShackCQ */,
				A30000000000000000000003 /* Core */,
				A30000000000000000000005 /* CP210xDriver */,
				A30000000000000000000006 /* Frameworks */,
				A30000000000000000000004 /* Products */,
				A7A5B3D161141E6066D11766 /* ShackCQUITests */,
			);
			sourceTree = "<group>";
		};
		A30000000000000000000002 /* ShackCQ */ = {
			isa = PBXGroup;
			children = (
				A20000000000000000000001 /* ShackCQApp.swift */,
				A20000000000000000000002 /* RadioModel.swift */,
				A20000000000000000000003 /* QSOStore.swift */,
				A20000000000000000000004 /* ContentView.swift */,
				A20000000000000000000014 /* FeatureModel.swift */,
				A20000000000000000000015 /* WavelogSync.swift */,
				A2000000000000000000001C /* WavelogNativeV2.swift */,
				A2000000000000000000001D /* FastEntry.swift */,
				A2000000000000000000001E /* FastEntryView.swift */,
				R20000000000000000000001 /* RemoteStationClient.swift */,
				A20000000000000000000016 /* CallbookService.swift */,
				G20000000000000000000001 /* GroupsIoFeature.swift */,
				A20000000000000000000017 /* Settings.bundle */,
				D20000000000000000000001 /* Assets.xcassets */,
				A20000000000000000000009 /* SerialTransport.swift */,
				A20000000000000000000019 /* KXUSBDriverClient.mm */,
				A20000000000000000000005 /* ShackCQ-Bridging-Header.h */,
				A2000000000000000000000A /* ShackCQ.entitlements */,
			);
			path = ShackCQ;
			sourceTree = "<group>";
		};
		A30000000000000000000003 /* Core */ = {
			isa = PBXGroup;
			children = (
				A20000000000000000000006 /* core.cpp */,
				B20000000000000000000001 /* features.cpp */,
				B30000000000000000000001 /* Portable */,
			);
			name = Core;
			sourceTree = "<group>";
		};
		A30000000000000000000004 /* Products */ = {
			isa = PBXGroup;
			children = (
				A20000000000000000000008 /* ShackCQ.app */,
				A20000000000000000000013 /* CP210xDriver.dext */,
				D36A9B2BE849B4434F809E20 /* ShackCQUITests.xctest */,
			);
			name = Products;
			sourceTree = "<group>";
		};
		A30000000000000000000005 /* CP210xDriver */ = {
			isa = PBXGroup;
			children = (
				A2000000000000000000000B /* CP210xDriver.cpp */,
				A2000000000000000000000C /* CP210xDriver.iig */,
				A2000000000000000000001A /* KXUSBUserClient.cpp */,
				A2000000000000000000001B /* KXUSBUserClient.iig */,
				A2000000000000000000000D /* CP210xDriver.entitlements */,
				A2000000000000000000000E /* Info.plist */,
			);
			path = CP210xDriver;
			sourceTree = "<group>";
		};
		A30000000000000000000006 /* Frameworks */ = {
			isa = PBXGroup;
			children = (
				A20000000000000000000007 /* libsqlite3.tbd */,
				A2000000000000000000000F /* DriverKit.framework */,
				A20000000000000000000010 /* USBDriverKit.framework */,
				A20000000000000000000018 /* IOKit.framework */,
				D1270766CF2E2320EC66ACAF /* iOS */,
			);
			name = Frameworks;
			sourceTree = "<group>";
		};
		A7A5B3D161141E6066D11766 /* ShackCQUITests */ = {
			isa = PBXGroup;
			children = (
				CB568903A8CBD7D417CF32B7 /* ShackCQHardwareUITests.swift */,
			);
			name = ShackCQUITests;
			path = ShackCQUITests;
			sourceTree = "<group>";
		};
		B30000000000000000000001 /* Portable */ = {
			isa = PBXGroup;
			children = (
				B20000000000000000000002 /* adif.cpp */,
				B20000000000000000000003 /* cat_parser.cpp */,
				B20000000000000000000004 /* cty.cpp */,
				B20000000000000000000005 /* dx_analysis.cpp */,
				B20000000000000000000006 /* operator_intel.cpp */,
				B20000000000000000000007 /* panadapter_dsp.cpp */,
				B20000000000000000000008 /* protocol.cpp */,
				B20000000000000000000009 /* spot.cpp */,
				B2000000000000000000000A /* sync_queue.cpp */,
				B2000000000000000000000B /* wsjtx_protocol.cpp */,
			);
			name = Portable;
			sourceTree = "<group>";
		};
		D1270766CF2E2320EC66ACAF /* iOS */ = {
			isa = PBXGroup;
			children = (
				45768679F42FBF4093465050 /* Foundation.framework */,
			);
			name = iOS;
			sourceTree = "<group>";
		};
/* End PBXGroup section */

/* Begin PBXNativeTarget section */
		A50000000000000000000001 /* ShackCQ */ = {
			isa = PBXNativeTarget;
			buildConfigurationList = A70000000000000000000002 /* Build configuration list for PBXNativeTarget "ShackCQ" */;
			buildPhases = (
				A40000000000000000000001 /* Sources */,
				A40000000000000000000002 /* Frameworks */,
				A40000000000000000000003 /* Resources */,
			);
			buildRules = (
			);
			dependencies = (
			);
			name = ShackCQ;
			productName = ShackCQ;
			productReference = A20000000000000000000008 /* ShackCQ.app */;
			productType = "com.apple.product-type.application";
		};
		A50000000000000000000002 /* CP210xDriver */ = {
			isa = PBXNativeTarget;
			buildConfigurationList = A70000000000000000000003 /* Build configuration list for PBXNativeTarget "CP210xDriver" */;
			buildPhases = (
				A40000000000000000000004 /* Sources */,
				A40000000000000000000005 /* Frameworks */,
				A40000000000000000000006 /* Resources */,
			);
			buildRules = (
			);
			dependencies = (
			);
			name = CP210xDriver;
			productName = CP210xDriver;
			productReference = A20000000000000000000013 /* CP210xDriver.dext */;
			productType = "com.apple.product-type.driver-extension";
		};
		DDA5E4E03F3BFD91BBF27DCC /* ShackCQUITests */ = {
			isa = PBXNativeTarget;
			buildConfigurationList = 4E3DEF32AF15BA71BA9E6505 /* Build configuration list for PBXNativeTarget "ShackCQUITests" */;
			buildPhases = (
				2F7051E331CB84B817BDB7B6 /* Sources */,
				92D769615605170484547D55 /* Frameworks */,
				F04A36540758B24452C16AC8 /* Resources */,
			);
			buildRules = (
			);
			dependencies = (
				50C1C4B829F4A495A9825D5A /* PBXTargetDependency */,
			);
			name = ShackCQUITests;
			productName = ShackCQUITests;
			productReference = D36A9B2BE849B4434F809E20 /* ShackCQUITests.xctest */;
			productType = "com.apple.product-type.bundle.ui-testing";
		};
/* End PBXNativeTarget section */

/* Begin PBXProject section */
		A60000000000000000000001 /* Project object */ = {
			isa = PBXProject;
			attributes = {
				BuildIndependentTargetsInParallel = 1;
				LastSwiftUpdateCheck = 2660;
				LastUpgradeCheck = 2660;
				TargetAttributes = {
					A50000000000000000000001 = {
						CreatedOnToolsVersion = 26.6;
						ProvisioningStyle = Manual;
					};
					A50000000000000000000002 = {
						CreatedOnToolsVersion = 26.6;
						ProvisioningStyle = Manual;
					};
				};
			};
			buildConfigurationList = A70000000000000000000001 /* Build configuration list for PBXProject "ShackCQ" */;
			compatibilityVersion = "Xcode 15.0";
			developmentRegion = en;
			hasScannedForEncodings = 0;
			knownRegions = (
				en,
				Base,
			);
			mainGroup = A30000000000000000000001;
			productRefGroup = A30000000000000000000004 /* Products */;
			projectDirPath = "";
			projectRoot = "";
			targets = (
				A50000000000000000000001 /* ShackCQ */,
				A50000000000000000000002 /* CP210xDriver */,
				DDA5E4E03F3BFD91BBF27DCC /* ShackCQUITests */,
			);
		};
/* End PBXProject section */

/* Begin PBXResourcesBuildPhase section */
		A40000000000000000000003 /* Resources */ = {
			isa = PBXResourcesBuildPhase;
			buildActionMask = 2147483647;
			files = (
				A10000000000000000000013 /* Settings.bundle in Resources */,
				D10000000000000000000001 /* Assets.xcassets in Resources */,
			);
			runOnlyForDeploymentPostprocessing = 0;
		};
		A40000000000000000000006 /* Resources */ = {
			isa = PBXResourcesBuildPhase;
			buildActionMask = 2147483647;
			files = (
			);
			runOnlyForDeploymentPostprocessing = 0;
		};
		F04A36540758B24452C16AC8 /* Resources */ = {
			isa = PBXResourcesBuildPhase;
			buildActionMask = 2147483647;
			files = (
			);
			runOnlyForDeploymentPostprocessing = 0;
		};
/* End PBXResourcesBuildPhase section */

/* Begin PBXSourcesBuildPhase section */
		2F7051E331CB84B817BDB7B6 /* Sources */ = {
			isa = PBXSourcesBuildPhase;
			buildActionMask = 2147483647;
			files = (
				5DFE11E8CCAF8BF06429E08A /* ShackCQHardwareUITests.swift in Sources */,
			);
			runOnlyForDeploymentPostprocessing = 0;
		};
		A40000000000000000000001 /* Sources */ = {
			isa = PBXSourcesBuildPhase;
			buildActionMask = 2147483647;
			files = (
				A10000000000000000000001 /* ShackCQApp.swift in Sources */,
				A10000000000000000000002 /* RadioModel.swift in Sources */,
				A10000000000000000000003 /* QSOStore.swift in Sources */,
				A10000000000000000000004 /* ContentView.swift in Sources */,
				A10000000000000000000010 /* FeatureModel.swift in Sources */,
				A10000000000000000000011 /* WavelogSync.swift in Sources */,
				A10000000000000000000018 /* WavelogNativeV2.swift in Sources */,
				A10000000000000000000019 /* FastEntry.swift in Sources */,
				A1000000000000000000001A /* FastEntryView.swift in Sources */,
				R10000000000000000000001 /* RemoteStationClient.swift in Sources */,
				A10000000000000000000012 /* CallbookService.swift in Sources */,
				G10000000000000000000001 /* GroupsIoFeature.swift in Sources */,
				A10000000000000000000006 /* core.cpp in Sources */,
				A10000000000000000000008 /* SerialTransport.swift in Sources */,
				A10000000000000000000015 /* KXUSBDriverClient.mm in Sources */,
				B10000000000000000000001 /* features.cpp in Sources */,
				B10000000000000000000002 /* adif.cpp in Sources */,
				B10000000000000000000003 /* cat_parser.cpp in Sources */,
				B10000000000000000000004 /* cty.cpp in Sources */,
				B10000000000000000000005 /* dx_analysis.cpp in Sources */,
				B10000000000000000000006 /* operator_intel.cpp in Sources */,
				B10000000000000000000007 /* panadapter_dsp.cpp in Sources */,
				B10000000000000000000008 /* protocol.cpp in Sources */,
				B10000000000000000000009 /* spot.cpp in Sources */,
				B1000000000000000000000A /* sync_queue.cpp in Sources */,
				B1000000000000000000000B /* wsjtx_protocol.cpp in Sources */,
			);
			runOnlyForDeploymentPostprocessing = 0;
		};
		A40000000000000000000004 /* Sources */ = {
			isa = PBXSourcesBuildPhase;
			buildActionMask = 2147483647;
			files = (
				A10000000000000000000009 /* CP210xDriver.cpp in Sources */,
				A1000000000000000000000A /* CP210xDriver.iig in Sources */,
				A10000000000000000000016 /* KXUSBUserClient.cpp in Sources */,
				A10000000000000000000017 /* KXUSBUserClient.iig in Sources */,
			);
			runOnlyForDeploymentPostprocessing = 0;
		};
/* End PBXSourcesBuildPhase section */

/* Begin PBXTargetDependency section */
		50C1C4B829F4A495A9825D5A /* PBXTargetDependency */ = {
			isa = PBXTargetDependency;
			name = ShackCQ;
			target = A50000000000000000000001 /* ShackCQ */;
			targetProxy = 199466383D0CC32877353530 /* PBXContainerItemProxy */;
		};
		A90000000000000000000002 /* PBXTargetDependency */ = {
			isa = PBXTargetDependency;
			name = CP210xDriver;
			platformFilter = driverkit;
			target = A50000000000000000000002 /* CP210xDriver */;
			targetProxy = A90000000000000000000001 /* PBXContainerItemProxy */;
		};
/* End PBXTargetDependency section */

/* Begin XCBuildConfiguration section */
		08CFA1DDAFCA439059F656C2 /* Release */ = {
			isa = XCBuildConfiguration;
			buildSettings = {
				CLANG_ENABLE_OBJC_WEAK = NO;
				CODE_SIGN_STYLE = Automatic;
				DEVELOPMENT_TEAM = 4WCMQ4U946;
				GENERATE_INFOPLIST_FILE = YES;
				IPHONEOS_DEPLOYMENT_TARGET = 17.0;
				LD_RUNPATH_SEARCH_PATHS = (
					"$(inherited)",
					"@executable_path/Frameworks",
					"@loader_path/Frameworks",
				);
				PRODUCT_BUNDLE_IDENTIFIER = app.shackcq.mobile.UITests;
				PRODUCT_NAME = "$(TARGET_NAME)";
				SDKROOT = iphoneos;
				SWIFT_VERSION = 5.0;
				TARGETED_DEVICE_FAMILY = "1,2";
				TEST_TARGET_NAME = ShackCQ;
				VALIDATE_PRODUCT = YES;
			};
			name = Release;
		};
		1408210FFDB5D7BFF9AF6B8A /* Debug */ = {
			isa = XCBuildConfiguration;
			buildSettings = {
				CLANG_ENABLE_OBJC_WEAK = NO;
				CODE_SIGN_STYLE = Automatic;
				DEVELOPMENT_TEAM = 4WCMQ4U946;
				GENERATE_INFOPLIST_FILE = YES;
				IPHONEOS_DEPLOYMENT_TARGET = 17.0;
				LD_RUNPATH_SEARCH_PATHS = (
					"$(inherited)",
					"@executable_path/Frameworks",
					"@loader_path/Frameworks",
				);
				PRODUCT_BUNDLE_IDENTIFIER = app.shackcq.mobile.UITests;
				PRODUCT_NAME = "$(TARGET_NAME)";
				SDKROOT = iphoneos;
				SWIFT_VERSION = 5.0;
				TARGETED_DEVICE_FAMILY = "1,2";
				TEST_TARGET_NAME = ShackCQ;
			};
			name = Debug;
		};
		A80000000000000000000001 /* Debug */ = {
			isa = XCBuildConfiguration;
			buildSettings = {
				CLANG_CXX_LANGUAGE_STANDARD = "c++17";
				CLANG_ENABLE_MODULES = YES;
				SWIFT_VERSION = 5.0;
			};
			name = Debug;
		};
		A80000000000000000000002 /* Release */ = {
			isa = XCBuildConfiguration;
			buildSettings = {
				CLANG_CXX_LANGUAGE_STANDARD = "c++17";
				CLANG_ENABLE_MODULES = YES;
				SWIFT_COMPILATION_MODE = wholemodule;
				SWIFT_VERSION = 5.0;
			};
			name = Release;
		};
		A80000000000000000000003 /* Debug */ = {
			isa = XCBuildConfiguration;
			buildSettings = {
				ASSETCATALOG_COMPILER_APPICON_NAME = AppIcon;
				ASSETCATALOG_COMPILER_GENERATE_SWIFT_ASSET_SYMBOL_EXTENSIONS = YES;
				CODE_SIGN_ENTITLEMENTS = ShackCQ/ShackCQ.entitlements;
				CODE_SIGN_STYLE = Manual;
				CURRENT_PROJECT_VERSION = 39;
				DEVELOPMENT_TEAM = 4WCMQ4U946;
				ENABLE_PREVIEWS = YES;
				GENERATE_INFOPLIST_FILE = YES;
				HEADER_SEARCH_PATHS = (
					"$(SRCROOT)/../core/include",
					"$(SRCROOT)/../core/portable/include",
				);
				INFOPLIST_KEY_CFBundleDisplayName = ShackCQ;
				INFOPLIST_KEY_LSApplicationCategoryType = "public.app-category.utilities";
				INFOPLIST_KEY_NSLocalNetworkUsageDescription = "ShackCQ receives WSJT-X datagrams and connects to radio services on your network.";
				INFOPLIST_KEY_NSMicrophoneUsageDescription = "ShackCQ captures the selected physical USB audio input for its panadapter.";
				INFOPLIST_KEY_UILaunchScreen_Generation = YES;
				INFOPLIST_KEY_UIStatusBarStyle = UIStatusBarStyleLightContent;
				INFOPLIST_KEY_UISupportedInterfaceOrientations_iPad = "UIInterfaceOrientationPortrait UIInterfaceOrientationPortraitUpsideDown UIInterfaceOrientationLandscapeLeft UIInterfaceOrientationLandscapeRight";
				INFOPLIST_KEY_UISupportedInterfaceOrientations_iPhone = "UIInterfaceOrientationPortrait UIInterfaceOrientationLandscapeLeft UIInterfaceOrientationLandscapeRight";
				INFOPLIST_KEY_UIUserInterfaceStyle = Dark;
				IPHONEOS_DEPLOYMENT_TARGET = 17.0;
				LD_RUNPATH_SEARCH_PATHS = (
					"$(inherited)",
					"@executable_path/Frameworks",
				);
				MARKETING_VERSION = 0.1.0;
				PRODUCT_BUNDLE_IDENTIFIER = app.shackcq.mobile;
				PRODUCT_NAME = "$(TARGET_NAME)";
				PROVISIONING_PROFILE_SPECIFIER = "ShackCQ iPad System Extension Development";
				SDKROOT = iphoneos;
				SUPPORTED_PLATFORMS = "iphoneos iphonesimulator";
				SWIFT_OBJC_BRIDGING_HEADER = "ShackCQ/ShackCQ-Bridging-Header.h";
				SWIFT_VERSION = 5.0;
				TARGETED_DEVICE_FAMILY = "1,2";
			};
			name = Debug;
		};
		A80000000000000000000004 /* Release */ = {
			isa = XCBuildConfiguration;
			buildSettings = {
				ASSETCATALOG_COMPILER_APPICON_NAME = AppIcon;
				CODE_SIGN_ENTITLEMENTS = ShackCQ/ShackCQ.entitlements;
				CODE_SIGN_STYLE = Manual;
				CURRENT_PROJECT_VERSION = 39;
				DEVELOPMENT_TEAM = 4WCMQ4U946;
				GENERATE_INFOPLIST_FILE = YES;
				HEADER_SEARCH_PATHS = (
					"$(SRCROOT)/../core/include",
					"$(SRCROOT)/../core/portable/include",
				);
				INFOPLIST_KEY_CFBundleDisplayName = ShackCQ;
				INFOPLIST_KEY_LSApplicationCategoryType = "public.app-category.utilities";
				INFOPLIST_KEY_NSLocalNetworkUsageDescription = "ShackCQ receives WSJT-X datagrams and connects to radio services on your network.";
				INFOPLIST_KEY_NSMicrophoneUsageDescription = "ShackCQ captures the selected physical USB audio input for its panadapter.";
				INFOPLIST_KEY_UILaunchScreen_Generation = YES;
				INFOPLIST_KEY_UISupportedInterfaceOrientations_iPad = "UIInterfaceOrientationPortrait UIInterfaceOrientationPortraitUpsideDown UIInterfaceOrientationLandscapeLeft UIInterfaceOrientationLandscapeRight";
				INFOPLIST_KEY_UISupportedInterfaceOrientations_iPhone = "UIInterfaceOrientationPortrait UIInterfaceOrientationLandscapeLeft UIInterfaceOrientationLandscapeRight";
				INFOPLIST_KEY_UIUserInterfaceStyle = Dark;
				IPHONEOS_DEPLOYMENT_TARGET = 17.0;
				LD_RUNPATH_SEARCH_PATHS = (
					"$(inherited)",
					"@executable_path/Frameworks",
				);
				MARKETING_VERSION = 0.1.0;
				PRODUCT_BUNDLE_IDENTIFIER = app.shackcq.mobile;
				PRODUCT_NAME = "$(TARGET_NAME)";
				PROVISIONING_PROFILE_SPECIFIER = "ShackCQ iPad System Extension Development";
				SDKROOT = iphoneos;
				SUPPORTED_PLATFORMS = "iphoneos iphonesimulator";
				SWIFT_OBJC_BRIDGING_HEADER = "ShackCQ/ShackCQ-Bridging-Header.h";
				SWIFT_VERSION = 5.0;
				TARGETED_DEVICE_FAMILY = "1,2";
			};
			name = Release;
		};
		A80000000000000000000005 /* Debug */ = {
			isa = XCBuildConfiguration;
			buildSettings = {
				ALWAYS_SEARCH_USER_PATHS = NO;
				CLANG_CXX_LANGUAGE_STANDARD = "gnu++20";
				CLANG_CXX_LIBRARY = "libc++";
				CLANG_ENABLE_OBJC_WEAK = NO;
				CODE_SIGN_ENTITLEMENTS = CP210xDriver/CP210xDriver.Debug.entitlements;
				CODE_SIGN_STYLE = Manual;
				CURRENT_PROJECT_VERSION = 39;
				DEVELOPMENT_TEAM = 4WCMQ4U946;
				DRIVERKIT_DEPLOYMENT_TARGET = 22.0;
				GCC_ENABLE_CPP_EXCEPTIONS = NO;
				GCC_ENABLE_CPP_RTTI = NO;
				GENERATE_INFOPLIST_FILE = NO;
				INFOPLIST_FILE = CP210xDriver/Info.plist;
				MARKETING_VERSION = 0.1.0;
				PRODUCT_BUNDLE_IDENTIFIER = app.shackcq.mobile.CP210xDriver;
				PRODUCT_NAME = CP210xDriver;
				PROVISIONING_PROFILE_SPECIFIER = "ShackCQ CP210x DriverKit Development";
				SDKROOT = driverkit;
				SKIP_INSTALL = YES;
				SUPPORTED_PLATFORMS = driverkit;
				VALIDATE_PRODUCT = YES;
			};
			name = Debug;
		};
		A80000000000000000000006 /* Release */ = {
			isa = XCBuildConfiguration;
			buildSettings = {
				ALWAYS_SEARCH_USER_PATHS = NO;
				CLANG_CXX_LANGUAGE_STANDARD = "gnu++20";
				CLANG_CXX_LIBRARY = "libc++";
				CLANG_ENABLE_OBJC_WEAK = NO;
				CODE_SIGN_ENTITLEMENTS = CP210xDriver/CP210xDriver.entitlements;
				CODE_SIGN_STYLE = Manual;
				CURRENT_PROJECT_VERSION = 39;
				DEVELOPMENT_TEAM = 4WCMQ4U946;
				DRIVERKIT_DEPLOYMENT_TARGET = 22.0;
				GCC_ENABLE_CPP_EXCEPTIONS = NO;
				GCC_ENABLE_CPP_RTTI = NO;
				GENERATE_INFOPLIST_FILE = NO;
				INFOPLIST_FILE = CP210xDriver/Info.plist;
				MARKETING_VERSION = 0.1.0;
				PRODUCT_BUNDLE_IDENTIFIER = app.shackcq.mobile.CP210xDriver;
				PRODUCT_NAME = CP210xDriver;
				PROVISIONING_PROFILE_SPECIFIER = "ShackCQ CP210x DriverKit Development";
				SDKROOT = driverkit;
				SKIP_INSTALL = YES;
				SUPPORTED_PLATFORMS = driverkit;
				VALIDATE_PRODUCT = YES;
			};
			name = Release;
		};
/* End XCBuildConfiguration section */

/* Begin XCConfigurationList section */
		4E3DEF32AF15BA71BA9E6505 /* Build configuration list for PBXNativeTarget "ShackCQUITests" */ = {
			isa = XCConfigurationList;
			buildConfigurations = (
				08CFA1DDAFCA439059F656C2 /* Release */,
				1408210FFDB5D7BFF9AF6B8A /* Debug */,
			);
			defaultConfigurationIsVisible = 0;
			defaultConfigurationName = Release;
		};
		A70000000000000000000001 /* Build configuration list for PBXProject "ShackCQ" */ = {
			isa = XCConfigurationList;
			buildConfigurations = (
				A80000000000000000000001 /* Debug */,
				A80000000000000000000002 /* Release */,
			);
			defaultConfigurationIsVisible = 0;
			defaultConfigurationName = Release;
		};
		A70000000000000000000002 /* Build configuration list for PBXNativeTarget "ShackCQ" */ = {
			isa = XCConfigurationList;
			buildConfigurations = (
				A80000000000000000000003 /* Debug */,
				A80000000000000000000004 /* Release */,
			);
			defaultConfigurationIsVisible = 0;
			defaultConfigurationName = Release;
		};
		A70000000000000000000003 /* Build configuration list for PBXNativeTarget "CP210xDriver" */ = {
			isa = XCConfigurationList;
			buildConfigurations = (
				A80000000000000000000005 /* Debug */,
				A80000000000000000000006 /* Release */,
			);
			defaultConfigurationIsVisible = 0;
			defaultConfigurationName = Release;
		};
/* End XCConfigurationList section */
	};
	rootObject = A60000000000000000000001 /* Project object */;
}
